// !$*UTF8*$!
{
	archiveVersion = 1;
	classes = {
	};
	objectVersion = 56;
	objects = {

/* Begin PBXBuildFile section */
		24BEFFCCEF9C40074F799E2A /* Pods_FastFood.framework in Frameworks */ = {isa = PBXBuildFile; fileRef = 32D2DC27FB0DA7BF1C061163 /* Pods_FastFood.framework */; };
		7C4D9B682B195C6400393C06 /* CardView.swift in Sources */ = {isa = PBXBuildFile; fileRef = 7C4D9B672B195C6400393C06 /* CardView.swift */; };
		7C4D9B6C2B196E8B00393C06 /* DishPortraitCollectionViewCell.swift in Sources */ = {isa = PBXBuildFile; fileRef = 7C4D9B6A2B196E8B00393C06 /* DishPortraitCollectionViewCell.swift */; };
		7C4D9B6D2B196E8B00393C06 /* DishPortraitCollectionViewCell.xib in Resources */ = {isa = PBXBuildFile; fileRef = 7C4D9B6B2B196E8B00393C06 /* DishPortraitCollectionViewCell.xib */; };
		7C5CE2BC2B1902C400668E75 /* OnboardingViewController.swift in Sources */ = {isa = PBXBuildFile; fileRef = 7C5CE2BB2B1902C400668E75 /* OnboardingViewController.swift */; };
		7C5CE2BF2B1913F500668E75 /* UIView+Extension.swift in Sources */ = {isa = PBXBuildFile; fileRef = 7C5CE2BE2B1913F500668E75 /* UIView+Extension.swift */; };
		7C5CE2C12B19157200668E75 /* OnboardingSlide.swift in Sources */ = {isa = PBXBuildFile; fileRef = 7C5CE2C02B19157100668E75 /* OnboardingSlide.swift */; };
		7C5CE2C32B1918B500668E75 /* OnboardingCollectionViewCell.swift in Sources */ = {isa = PBXBuildFile; fileRef = 7C5CE2C22B1918B500668E75 /* OnboardingCollectionViewCell.swift */; };
		7C5CE2C62B19362800668E75 /* HomeViewController.swift in Sources */ = {isa = PBXBuildFile; fileRef = 7C5CE2C52B19362800668E75 /* HomeViewController.swift */; };
		7C5CE2CC2B1948BB00668E75 /* CategoryCollectionViewCell.swift in Sources */ = {isa = PBXBuildFile; fileRef = 7C5CE2CA2B1948BB00668E75 /* CategoryCollectionViewCell.swift */; };
		7C5CE2CD2B1948BB00668E75 /* CategoryCollectionViewCell.xib in Resources */ = {isa = PBXBuildFile; fileRef = 7C5CE2CB2B1948BB00668E75 /* CategoryCollectionViewCell.xib */; };
		7C5CE2CF2B194A1600668E75 /* DishCategory.swift in Sources */ = {isa = PBXBuildFile; fileRef = 7C5CE2CE2B194A1600668E75 /* DishCategory.swift */; };
		7C5CE2D12B194F8100668E75 /* String+Extension.swift in Sources */ = {isa = PBXBuildFile; fileRef = 7C5CE2D02B194F8100668E75 /* String+Extension.swift */; };
		7CD79E3E2B16AFC4004D5741 /* AppDelegate.swift in Sources */ = {isa = PBXBuildFile; fileRef = 7CD79E3D2B16AFC4004D5741 /* AppDelegate.swift */; };
		7CD79E402B16AFC4004D5741 /* SceneDelegate.swift in Sources */ = {isa = PBXBuildFile; fileRef = 7CD79E3F2B16AFC4004D5741 /* SceneDelegate.swift */; };
		7CD79E422B16AFC4004D5741 /* ViewController.swift in Sources */ = {isa = PBXBuildFile; fileRef = 7CD79E412B16AFC4004D5741 /* ViewController.swift */; };
		7CD79E452B16AFC4004D5741 /* Main.storyboard in Resources */ = {isa = PBXBuildFile; fileRef = 7CD79E432B16AFC4004D5741 /* Main.storyboard */; };
		7CD79E472B16AFC8004D5741 /* Assets.xcassets in Resources */ = {isa = PBXBuildFile; fileRef = 7CD79E462B16AFC8004D5741 /* Assets.xcassets */; };
		7CD79E4A2B16AFC8004D5741 /* LaunchScreen.storyboard in Resources */ = {isa = PBXBuildFile; fileRef = 7CD79E482B16AFC8004D5741 /* LaunchScreen.storyboard */; };
/* End PBXBuildFile section */

/* Begin PBXFileReference section */
		32D2DC27FB0DA7BF1C061163 /* Pods_FastFood.framework */ = {isa = PBXFileReference; explicitFileType = wrapper.framework; includeInIndex = 0; path = Pods_FastFood.framework; sourceTree = BUILT_PRODUCTS_DIR; };
		4033A2173C281EC76DE9DDAA /* Pods-FastFood.release.xcconfig */ = {isa = PBXFileReference; includeInIndex = 1; lastKnownFileType = text.xcconfig; name = "Pods-FastFood.release.xcconfig"; path = "Target Support Files/Pods-FastFood/Pods-FastFood.release.xcconfig"; sourceTree = "<group>"; };
		7C4D9B672B195C6400393C06 /* CardView.swift */ = {isa = PBXFileReference; lastKnownFileType = sourcecode.swift; path = CardView.swift; sourceTree = "<group>"; };
		7C4D9B6A2B196E8B00393C06 /* DishPortraitCollectionViewCell.swift */ = {isa = PBXFileReference; lastKnownFileType = sourcecode.swift; path = DishPortraitCollectionViewCell.swift; sourceTree = "<group>"; };
		7C4D9B6B2B196E8B00393C06 /* DishPortraitCollectionViewCell.xib */ = {isa = PBXFileReference; lastKnownFileType = file.xib; path = DishPortraitCollectionViewCell.xib; sourceTree = "<group>"; };
		7C5CE2BB2B1902C400668E75 /* OnboardingViewController.swift */ = {isa = PBXFileReference; lastKnownFileType = sourcecode.swift; path = OnboardingViewController.swift; sourceTree = "<group>"; };
		7C5CE2BE2B1913F500668E75 /* UIView+Extension.swift */ = {isa = PBXFileReference; lastKnownFileType = sourcecode.swift; path = "UIView+Extension.swift"; sourceTree = "<group>"; };
		7C5CE2C02B19157100668E75 /* OnboardingSlide.swift */ = {isa = PBXFileReference; lastKnownFileType = sourcecode.swift; path = OnboardingSlide.swift; sourceTree = "<group>"; };
		7C5CE2C22B1918B500668E75 /* OnboardingCollectionViewCell.swift */ = {isa = PBXFileReference; lastKnownFileType = sourcecode.swift; path = OnboardingCollectionViewCell.swift; sourceTree = "<group>"; };
		7C5CE2C52B19362800668E75 /* HomeViewController.swift */ = {isa = PBXFileReference; lastKnownFileType = sourcecode.swift; path = HomeViewController.swift; sourceTree = "<group>"; };
		7C5CE2CA2B1948BB00668E75 /* CategoryCollectionViewCell.swift */ = {isa = PBXFileReference; lastKnownFileType = sourcecode.swift; path = CategoryCollectionViewCell.swift; sourceTree = "<group>"; };
		7C5CE2CB2B1948BB00668E75 /* CategoryCollectionViewCell.xib */ = {isa = PBXFileReference; lastKnownFileType = file.xib; path = CategoryCollectionViewCell.xib; sourceTree = "<group>"; };
		7C5CE2CE2B194A1600668E75 /* DishCategory.swift */ = {isa = PBXFileReference; lastKnownFileType = sourcecode.swift; path = DishCategory.swift; sourceTree = "<group>"; };
		7C5CE2D02B194F8100668E75 /* String+Extension.swift */ = {isa = PBXFileReference; lastKnownFileType = sourcecode.swift; path = "String+Extension.swift"; sourceTree = "<group>"; };
		7C6CEE36173E66F4A66993E8 /* Pods-FastFood.debug.xcconfig */ = {isa = PBXFileReference; includeInIndex = 1; lastKnownFileType = text.xcconfig; name = "Pods-FastFood.debug.xcconfig"; path = "Target Support Files/Pods-FastFood/Pods-FastFood.debug.xcconfig"; sourceTree = "<group>"; };
		7CD79E3A2B16AFC4004D5741 /* FastFood.app */ = {isa = PBXFileReference; explicitFileType = wrapper.application; includeInIndex = 0; path = FastFood.app; sourceTree = BUILT_PRODUCTS_DIR; };
		7CD79E3D2B16AFC4004D5741 /* AppDelegate.swift */ = {isa = PBXFileReference; lastKnownFileType = sourcecode.swift; path = AppDelegate.swift; sourceTree = "<group>"; };
		7CD79E3F2B16AFC4004D5741 /* SceneDelegate.swift */ = {isa = PBXFileReference; lastKnownFileType = sourcecode.swift; path = SceneDelegate.swift; sourceTree = "<group>"; };
		7CD79E412B16AFC4004D5741 /* ViewController.swift */ = {isa = PBXFileReference; lastKnownFileType = sourcecode.swift; path = ViewController.swift; sourceTree = "<group>"; };
		7CD79E442B16AFC4004D5741 /* Base */ = {isa = PBXFileReference; lastKnownFileType = file.storyboard; name = Base; path = Base.lproj/Main.storyboard; sourceTree = "<group>"; };
		7CD79E462B16AFC8004D5741 /* Assets.xcassets */ = {isa = PBXFileReference; lastKnownFileType = folder.assetcatalog; path = Assets.xcassets; sourceTree = "<group>"; };
		7CD79E492B16AFC8004D5741 /* Base */ = {isa = PBXFileReference; lastKnownFileType = file.storyboard; name = Base; path = Base.lproj/LaunchScreen.storyboard; sourceTree = "<group>"; };
		7CD79E4B2B16AFC8004D5741 /* Info.plist */ = {isa = PBXFileReference; lastKnownFileType = text.plist.xml; path = Info.plist; sourceTree = "<group>"; };
/* End PBXFileReference section */

/* Begin PBXFrameworksBuildPhase section */
		7CD79E372B16AFC4004D5741 /* Frameworks */ = {
			isa = PBXFrameworksBuildPhase;
			buildActionMask = 2147483647;
			files = (
				24BEFFCCEF9C40074F799E2A /* Pods_FastFood.framework in Frameworks */,
			);
			runOnlyForDeploymentPostprocessing = 0;
		};
/* End PBXFrameworksBuildPhase section */

/* Begin PBXGroup section */
		569780A1CDABB65347696123 /* Pods */ = {
			isa = PBXGroup;
			children = (
				7C6CEE36173E66F4A66993E8 /* Pods-FastFood.debug.xcconfig */,
				4033A2173C281EC76DE9DDAA /* Pods-FastFood.release.xcconfig */,
			);
			path = Pods;
			sourceTree = "<group>";
		};
		7506F1D049B38475A4DA6714 /* Frameworks */ = {
			isa = PBXGroup;
			children = (
				32D2DC27FB0DA7BF1C061163 /* Pods_FastFood.framework */,
			);
			name = Frameworks;
			sourceTree = "<group>";
		};
		7C4D9B662B195C3F00393C06 /* Card */ = {
			isa = PBXGroup;
			children = (
				7C4D9B672B195C6400393C06 /* CardView.swift */,
			);
			path = Card;
			sourceTree = "<group>";
		};
		7C4D9B692B196E3C00393C06 /* Portrait */ = {
			isa = PBXGroup;
			children = (
				7C4D9B6A2B196E8B00393C06 /* DishPortraitCollectionViewCell.swift */,
				7C4D9B6B2B196E8B00393C06 /* DishPortraitCollectionViewCell.xib */,
			);
			path = Portrait;
			sourceTree = "<group>";
		};
		7C5CE2B82B19026100668E75 /* Model */ = {
			isa = PBXGroup;
			children = (
				7C5CE2C02B19157100668E75 /* OnboardingSlide.swift */,
				7C5CE2CE2B194A1600668E75 /* DishCategory.swift */,
			);
			path = Model;
			sourceTree = "<group>";
		};
		7C5CE2B92B19026A00668E75 /* View */ = {
			isa = PBXGroup;
			children = (
				7C5CE2C42B1935F400668E75 /* Home */,
				7C5CE2BA2B19029500668E75 /* Onboarding */,
			);
			path = View;
			sourceTree = "<group>";
		};
		7C5CE2BA2B19029500668E75 /* Onboarding */ = {
			isa = PBXGroup;
			children = (
				7C5CE2BB2B1902C400668E75 /* OnboardingViewController.swift */,
				7C5CE2C22B1918B500668E75 /* OnboardingCollectionViewCell.swift */,
			);
			path = Onboarding;
			sourceTree = "<group>";
		};
		7C5CE2BD2B1913BC00668E75 /* Extensions */ = {
			isa = PBXGroup;
			children = (
				7C5CE2BE2B1913F500668E75 /* UIView+Extension.swift */,
				7C5CE2D02B194F8100668E75 /* String+Extension.swift */,
			);
			path = Extensions;
			sourceTree = "<group>";
		};
		7C5CE2C42B1935F400668E75 /* Home */ = {
			isa = PBXGroup;
			children = (
				7C5CE2C52B19362800668E75 /* HomeViewController.swift */,
			);
			path = Home;
			sourceTree = "<group>";
		};
		7C5CE2C72B19485D00668E75 /* CustomViews */ = {
			isa = PBXGroup;
			children = (
				7C5CE2C82B19486E00668E75 /* CollectionViewCells */,
			);
			path = CustomViews;
			sourceTree = "<group>";
		};
		7C5CE2C82B19486E00668E75 /* CollectionViewCells */ = {
			isa = PBXGroup;
			children = (
				7C4D9B692B196E3C00393C06 /* Portrait */,
				7C4D9B662B195C3F00393C06 /* Card */,
				7C5CE2C92B19488300668E75 /* Category */,
			);
			path = CollectionViewCells;
			sourceTree = "<group>";
		};
		7C5CE2C92B19488300668E75 /* Category */ = {
			isa = PBXGroup;
			children = (
				7C5CE2CA2B1948BB00668E75 /* CategoryCollectionViewCell.swift */,
				7C5CE2CB2B1948BB00668E75 /* CategoryCollectionViewCell.xib */,
			);
			path = Category;
			sourceTree = "<group>";
		};
		7CD79E312B16AFC3004D5741 = {
			isa = PBXGroup;
			children = (
				7CD79E3C2B16AFC4004D5741 /* FastFood */,
				7CD79E3B2B16AFC4004D5741 /* Products */,
				569780A1CDABB65347696123 /* Pods */,
				7506F1D049B38475A4DA6714 /* Frameworks */,
			);
			sourceTree = "<group>";
		};
		7CD79E3B2B16AFC4004D5741 /* Products */ = {
			isa = PBXGroup;
			children = (
				7CD79E3A2B16AFC4004D5741 /* FastFood.app */,
			);
			name = Products;
			sourceTree = "<group>";
		};
		7CD79E3C2B16AFC4004D5741 /* FastFood */ = {
			isa = PBXGroup;
			children = (
				7C5CE2C72B19485D00668E75 /* CustomViews */,
				7C5CE2BD2B1913BC00668E75 /* Extensions */,
				7C5CE2B92B19026A00668E75 /* View */,
				7C5CE2B82B19026100668E75 /* Model */,
				7CD79E3D2B16AFC4004D5741 /* AppDelegate.swift */,
				7CD79E3F2B16AFC4004D5741 /* SceneDelegate.swift */,
				7CD79E412B16AFC4004D5741 /* ViewController.swift */,
				7CD79E432B16AFC4004D5741 /* Main.storyboard */,
				7CD79E462B16AFC8004D5741 /* Assets.xcassets */,
				7CD79E482B16AFC8004D5741 /* LaunchScreen.storyboard */,
				7CD79E4B2B16AFC8004D5741 /* Info.plist */,
			);
			path = FastFood;
			sourceTree = "<group>";
		};
/* End PBXGroup section */

/* Begin PBXNativeTarget section */
		7CD79E392B16AFC4004D5741 /* FastFood */ = {
			isa = PBXNativeTarget;
			buildConfigurationList = 7CD79E4E2B16AFC8004D5741 /* Build configuration list for PBXNativeTarget "FastFood" */;
			buildPhases = (
				AFF5E73356AA967063E30CFD /* [CP] Check Pods Manifest.lock */,
				7CD79E362B16AFC4004D5741 /* Sources */,
				7CD79E372B16AFC4004D5741 /* Frameworks */,
				7CD79E382B16AFC4004D5741 /* Resources */,
				9D474447A079FF7A2244F069 /* [CP] Embed Pods Frameworks */,
			);
			buildRules = (
			);
			dependencies = (
			);
			name = FastFood;
			productName = FastFood;
			productReference = 7CD79E3A2B16AFC4004D5741 /* FastFood.app */;
			productType = "com.apple.product-type.application";
		};
/* End PBXNativeTarget section */

/* Begin PBXProject section */
		7CD79E322B16AFC3004D5741 /* Project object */ = {
			isa = PBXProject;
			attributes = {
				BuildIndependentTargetsInParallel = 1;
				LastSwiftUpdateCheck = 1500;
				LastUpgradeCheck = 1500;
				TargetAttributes = {
					7CD79E392B16AFC4004D5741 = {
						CreatedOnToolsVersion = 15.0.1;
					};
				};
			};
			buildConfigurationList = 7CD79E352B16AFC3004D5741 /* Build configuration list for PBXProject "FastFood" */;
			compatibilityVersion = "Xcode 14.0";
			developmentRegion = en;
			hasScannedForEncodings = 0;
			knownRegions = (
				en,
				Base,
			);
			mainGroup = 7CD79E312B16AFC3004D5741;
			productRefGroup = 7CD79E3B2B16AFC4004D5741 /* Products */;
			projectDirPath = "";
			projectRoot = "";
			targets = (
				7CD79E392B16AFC4004D5741 /* FastFood */,
			);
		};
/* End PBXProject section */

/* Begin PBXResourcesBuildPhase section */
		7CD79E382B16AFC4004D5741 /* Resources */ = {
			isa = PBXResourcesBuildPhase;
			buildActionMask = 2147483647;
			files = (
				7C5CE2CD2B1948BB00668E75 /* CategoryCollectionViewCell.xib in Resources */,
				7CD79E4A2B16AFC8004D5741 /* LaunchScreen.storyboard in Resources */,
				7C4D9B6D2B196E8B00393C06 /* DishPortraitCollectionViewCell.xib in Resources */,
				7CD79E472B16AFC8004D5741 /* Assets.xcassets in Resources */,
				7CD79E452B16AFC4004D5741 /* Main.storyboard in Resources */,
			);
			runOnlyForDeploymentPostprocessing = 0;
		};
/* End PBXResourcesBuildPhase section */

/* Begin PBXShellScriptBuildPhase section */
		9D474447A079FF7A2244F069 /* [CP] Embed Pods Frameworks */ = {
			isa = PBXShellScriptBuildPhase;
			buildActionMask = 2147483647;
			files = (
			);
			inputFileListPaths = (
				"${PODS_ROOT}/Target Support Files/Pods-FastFood/Pods-FastFood-frameworks-${CONFIGURATION}-input-files.xcfilelist",
			);
			name = "[CP] Embed Pods Frameworks";
			outputFileListPaths = (
				"${PODS_ROOT}/Target Support Files/Pods-FastFood/Pods-FastFood-frameworks-${CONFIGURATION}-output-files.xcfilelist",
			);
			runOnlyForDeploymentPostprocessing = 0;
			shellPath = /bin/sh;
			shellScript = "\"${PODS_ROOT}/Target Support Files/Pods-FastFood/Pods-FastFood-frameworks.sh\"\n";
			showEnvVarsInLog = 0;
		};
		AFF5E73356AA967063E30CFD /* [CP] Check Pods Manifest.lock */ = {
			isa = PBXShellScriptBuildPhase;
			buildActionMask = 2147483647;
			files = (
			);
			inputFileListPaths = (
			);
			inputPaths = (
				"${PODS_PODFILE_DIR_PATH}/Podfile.lock",
				"${PODS_ROOT}/Manifest.lock",
			);
			name = "[CP] Check Pods Manifest.lock";
			outputFileListPaths = (
			);
			outputPaths = (
				"$(DERIVED_FILE_DIR)/Pods-FastFood-checkManifestLockResult.txt",
			);
			runOnlyForDeploymentPostprocessing = 0;
			shellPath = /bin/sh;
			shellScript = "diff \"${PODS_PODFILE_DIR_PATH}/Podfile.lock\" \"${PODS_ROOT}/Manifest.lock\" > /dev/null\nif [ $? != 0 ] ; then\n    # print error to STDERR\n    echo \"error: The sandbox is not in sync with the Podfile.lock. Run 'pod install' or update your CocoaPods installation.\" >&2\n    exit 1\nfi\n# This output is used by Xcode 'outputs' to avoid re-running this script phase.\necho \"SUCCESS\" > \"${SCRIPT_OUTPUT_FILE_0}\"\n";
			showEnvVarsInLog = 0;
		};
/* End PBXShellScriptBuildPhase section */

/* Begin PBXSourcesBuildPhase section */
		7CD79E362B16AFC4004D5741 /* Sources */ = {
			isa = PBXSourcesBuildPhase;
			buildActionMask = 2147483647;
			files = (
				7CD79E422B16AFC4004D5741 /* ViewController.swift in Sources */,
				7C5CE2D12B194F8100668E75 /* String+Extension.swift in Sources */,
				7C5CE2CF2B194A1600668E75 /* DishCategory.swift in Sources */,
				7CD79E3E2B16AFC4004D5741 /* AppDelegate.swift in Sources */,
				7CD79E402B16AFC4004D5741 /* SceneDelegate.swift in Sources */,
				7C5CE2C62B19362800668E75 /* HomeViewController.swift in Sources */,
				7C4D9B6C2B196E8B00393C06 /* DishPortraitCollectionViewCell.swift in Sources */,
				7C5CE2CC2B1948BB00668E75 /* CategoryCollectionViewCell.swift in Sources */,
				7C4D9B682B195C6400393C06 /* CardView.swift in Sources */,
				7C5CE2BF2B1913F500668E75 /* UIView+Extension.swift in Sources */,
				7C5CE2C12B19157200668E75 /* OnboardingSlide.swift in Sources */,
				7C5CE2C32B1918B500668E75 /* OnboardingCollectionViewCell.swift in Sources */,
				7C5CE2BC2B1902C400668E75 /* OnboardingViewController.swift in Sources */,
			);
			runOnlyForDeploymentPostprocessing = 0;
		};
/* End PBXSourcesBuildPhase section */

/* Begin PBXVariantGroup section */
		7CD79E432B16AFC4004D5741 /* Main.storyboard */ = {
			isa = PBXVariantGroup;
			children = (
				7CD79E442B16AFC4004D5741 /* Base */,
			);
			name = Main.storyboard;
			sourceTree = "<group>";
		};
		7CD79E482B16AFC8004D5741 /* LaunchScreen.storyboard */ = {
			isa = PBXVariantGroup;
			children = (
				7CD79E492B16AFC8004D5741 /* Base */,
			);
			name = LaunchScreen.storyboard;
			sourceTree = "<group>";
		};
/* End PBXVariantGroup section */

/* Begin XCBuildConfiguration section */
		7CD79E4C2B16AFC8004D5741 /* Debug */ = {
			isa = XCBuildConfiguration;
			buildSettings = {
				ALWAYS_SEARCH_USER_PATHS = NO;
				ASSETCATALOG_COMPILER_GENERATE_SWIFT_ASSET_SYMBOL_EXTENSIONS = YES;
				CLANG_ANALYZER_NONNULL = YES;
				CLANG_ANALYZER_NUMBER_OBJECT_CONVERSION = YES_AGGRESSIVE;
				CLANG_CXX_LANGUAGE_STANDARD = "gnu++20";
				CLANG_ENABLE_MODULES = YES;
				CLANG_ENABLE_OBJC_ARC = YES;
				CLANG_ENABLE_OBJC_WEAK = YES;
				CLANG_WARN_BLOCK_CAPTURE_AUTORELEASING = YES;
				CLANG_WARN_BOOL_CONVERSION = YES;
				CLANG_WARN_COMMA = YES;
				CLANG_WARN_CONSTANT_CONVERSION = YES;
				CLANG_WARN_DEPRECATED_OBJC_IMPLEMENTATIONS = YES;
				CLANG_WARN_DIRECT_OBJC_ISA_USAGE = YES_ERROR;
				CLANG_WARN_DOCUMENTATION_COMMENTS = YES;
				CLANG_WARN_EMPTY_BODY = YES;
				CLANG_WARN_ENUM_CONVERSION = YES;
				CLANG_WARN_INFINITE_RECURSION = YES;
				CLANG_WARN_INT_CONVERSION = YES;
				CLANG_WARN_NON_LITERAL_NULL_CONVERSION = YES;
				CLANG_WARN_OBJC_IMPLICIT_RETAIN_SELF = YES;
				CLANG_WARN_OBJC_LITERAL_CONVERSION = YES;
				CLANG_WARN_OBJC_ROOT_CLASS = YES_ERROR;
				CLANG_WARN_QUOTED_INCLUDE_IN_FRAMEWORK_HEADER = YES;
				CLANG_WARN_RANGE_LOOP_ANALYSIS = YES;
				CLANG_WARN_STRICT_PROTOTYPES = YES;
				CLANG_WARN_SUSPICIOUS_MOVE = YES;
				CLANG_WARN_UNGUARDED_AVAILABILITY = YES_AGGRESSIVE;
				CLANG_WARN_UNREACHABLE_CODE = YES;
				CLANG_WARN__DUPLICATE_METHOD_MATCH = YES;
				COPY_PHASE_STRIP = NO;
				DEBUG_INFORMATION_FORMAT = dwarf;
				ENABLE_STRICT_OBJC_MSGSEND = YES;
				ENABLE_TESTABILITY = YES;
				ENABLE_USER_SCRIPT_SANDBOXING = NO;
				GCC_C_LANGUAGE_STANDARD = gnu17;
				GCC_DYNAMIC_NO_PIC = NO;
				GCC_NO_COMMON_BLOCKS = YES;
				GCC_OPTIMIZATION_LEVEL = 0;
				GCC_PREPROCESSOR_DEFINITIONS = (
					"DEBUG=1",
					"$(inherited)",
				);
				GCC_WARN_64_TO_32_BIT_CONVERSION = YES;
				GCC_WARN_ABOUT_RETURN_TYPE = YES_ERROR;
				GCC_WARN_UNDECLARED_SELECTOR = YES;
				GCC_WARN_UNINITIALIZED_AUTOS = YES_AGGRESSIVE;
				GCC_WARN_UNUSED_FUNCTION = YES;
				GCC_WARN_UNUSED_VARIABLE = YES;
				IPHONEOS_DEPLOYMENT_TARGET = 17.0;
				LOCALIZATION_PREFERS_STRING_CATALOGS = YES;
				MTL_ENABLE_DEBUG_INFO = INCLUDE_SOURCE;
				MTL_FAST_MATH = YES;
				ONLY_ACTIVE_ARCH = YES;
				SDKROOT = iphoneos;
				SWIFT_ACTIVE_COMPILATION_CONDITIONS = "DEBUG $(inherited)";
				SWIFT_OPTIMIZATION_LEVEL = "-Onone";
			};
			name = Debug;
		};
		7CD79E4D2B16AFC8004D5741 /* Release */ = {
			isa = XCBuildConfiguration;
			buildSettings = {
				ALWAYS_SEARCH_USER_PATHS = NO;
				ASSETCATALOG_COMPILER_GENERATE_SWIFT_ASSET_SYMBOL_EXTENSIONS = YES;
				CLANG_ANALYZER_NONNULL = YES;
				CLANG_ANALYZER_NUMBER_OBJECT_CONVERSION = YES_AGGRESSIVE;
				CLANG_CXX_LANGUAGE_STANDARD = "gnu++20";
				CLANG_ENABLE_MODULES = YES;
				CLANG_ENABLE_OBJC_ARC = YES;
				CLANG_ENABLE_OBJC_WEAK = YES;
				CLANG_WARN_BLOCK_CAPTURE_AUTORELEASING = YES;
				CLANG_WARN_BOOL_CONVERSION = YES;
				CLANG_WARN_COMMA = YES;
				CLANG_WARN_CONSTANT_CONVERSION = YES;
				CLANG_WARN_DEPRECATED_OBJC_IMPLEMENTATIONS = YES;
				CLANG_WARN_DIRECT_OBJC_ISA_USAGE = YES_ERROR;
				CLANG_WARN_DOCUMENTATION_COMMENTS = YES;
				CLANG_WARN_EMPTY_BODY = YES;
				CLANG_WARN_ENUM_CONVERSION = YES;
				CLANG_WARN_INFINITE_RECURSION = YES;
				CLANG_WARN_INT_CONVERSION = YES;
				CLANG_WARN_NON_LITERAL_NULL_CONVERSION = YES;
				CLANG_WARN_OBJC_IMPLICIT_RETAIN_SELF = YES;
				CLANG_WARN_OBJC_LITERAL_CONVERSION = YES;
				CLANG_WARN_OBJC_ROOT_CLASS = YES_ERROR;
				CLANG_WARN_QUOTED_INCLUDE_IN_FRAMEWORK_HEADER = YES;
				CLANG_WARN_RANGE_LOOP_ANALYSIS = YES;
				CLANG_WARN_STRICT_PROTOTYPES = YES;
				CLANG_WARN_SUSPICIOUS_MOVE = YES;
				CLANG_WARN_UNGUARDED_AVAILABILITY = YES_AGGRESSIVE;
				CLANG_WARN_UNREACHABLE_CODE = YES;
				CLANG_WARN__DUPLICATE_METHOD_MATCH = YES;
				COPY_PHASE_STRIP = NO;
				DEBUG_INFORMATION_FORMAT = "dwarf-with-dsym";
				ENABLE_NS_ASSERTIONS = NO;
				ENABLE_STRICT_OBJC_MSGSEND = YES;
				ENABLE_USER_SCRIPT_SANDBOXING = NO;
				GCC_C_LANGUAGE_STANDARD = gnu17;
				GCC_NO_COMMON_BLOCKS = YES;
				GCC_WARN_64_TO_32_BIT_CONVERSION = YES;
				GCC_WARN_ABOUT_RETURN_TYPE = YES_ERROR;
				GCC_WARN_UNDECLARED_SELECTOR = YES;
				GCC_WARN_UNINITIALIZED_AUTOS = YES_AGGRESSIVE;
				GCC_WARN_UNUSED_FUNCTION = YES;
				GCC_WARN_UNUSED_VARIABLE = YES;
				IPHONEOS_DEPLOYMENT_TARGET = 17.0;
				LOCALIZATION_PREFERS_STRING_CATALOGS = YES;
				MTL_ENABLE_DEBUG_INFO = NO;
				MTL_FAST_MATH = YES;
				SDKROOT = iphoneos;
				SWIFT_COMPILATION_MODE = wholemodule;
				VALIDATE_PRODUCT = YES;
			};
			name = Release;
		};
		7CD79E4F2B16AFC8004D5741 /* Debug */ = {
			isa = XCBuildConfiguration;
			baseConfigurationReference = 7C6CEE36173E66F4A66993E8 /* Pods-FastFood.debug.xcconfig */;
			buildSettings = {
				ASSETCATALOG_COMPILER_APPICON_NAME = AppIcon;
				ASSETCATALOG_COMPILER_GLOBAL_ACCENT_COLOR_NAME = AccentColor;
				CODE_SIGN_STYLE = Automatic;
				CURRENT_PROJECT_VERSION = 1;
				DEVELOPMENT_TEAM = 9CWTM4F934;
				GENERATE_INFOPLIST_FILE = YES;
				INFOPLIST_FILE = FastFood/Info.plist;
				INFOPLIST_KEY_UIApplicationSupportsIndirectInputEvents = YES;
				INFOPLIST_KEY_UILaunchStoryboardName = LaunchScreen;
				INFOPLIST_KEY_UIMainStoryboardFile = Main;
				INFOPLIST_KEY_UISupportedInterfaceOrientations_iPad = "UIInterfaceOrientationPortrait UIInterfaceOrientationPortraitUpsideDown UIInterfaceOrientationLandscapeLeft UIInterfaceOrientationLandscapeRight";
				INFOPLIST_KEY_UISupportedInterfaceOrientations_iPhone = "UIInterfaceOrientationPortrait UIInterfaceOrientationLandscapeLeft UIInterfaceOrientationLandscapeRight";
				LD_RUNPATH_SEARCH_PATHS = (
					"$(inherited)",
					"@executable_path/Frameworks",
				);
				MARKETING_VERSION = 1.0;
				PRODUCT_BUNDLE_IDENTIFIER = com.mora.FastFood;
				PRODUCT_NAME = "$(TARGET_NAME)";
				SWIFT_EMIT_LOC_STRINGS = YES;
				SWIFT_VERSION = 5.0;
				TARGETED_DEVICE_FAMILY = "1,2";
			};
			name = Debug;
		};
		7CD79E502B16AFC8004D5741 /* Release */ = {
			isa = XCBuildConfiguration;
			baseConfigurationReference = 4033A2173C281EC76DE9DDAA /* Pods-FastFood.release.xcconfig */;
			buildSettings = {
				ASSETCATALOG_COMPILER_APPICON_NAME = AppIcon;
				ASSETCATALOG_COMPILER_GLOBAL_ACCENT_COLOR_NAME = AccentColor;
				CODE_SIGN_STYLE = Automatic;
				CURRENT_PROJECT_VERSION = 1;
				DEVELOPMENT_TEAM = 9CWTM4F934;
				GENERATE_INFOPLIST_FILE = YES;
				INFOPLIST_FILE = FastFood/Info.plist;
				INFOPLIST_KEY_UIApplicationSupportsIndirectInputEvents = YES;
				INFOPLIST_KEY_UILaunchStoryboardName = LaunchScreen;
				INFOPLIST_KEY_UIMainStoryboardFile = Main;
				INFOPLIST_KEY_UISupportedInterfaceOrientations_iPad = "UIInterfaceOrientationPortrait UIInterfaceOrientationPortraitUpsideDown UIInterfaceOrientationLandscapeLeft UIInterfaceOrientationLandscapeRight";
				INFOPLIST_KEY_UISupportedInterfaceOrientations_iPhone = "UIInterfaceOrientationPortrait UIInterfaceOrientationLandscapeLeft UIInterfaceOrientationLandscapeRight";
				LD_RUNPATH_SEARCH_PATHS = (
					"$(inherited)",
					"@executable_path/Frameworks",
				);
				MARKETING_VERSION = 1.0;
				PRODUCT_BUNDLE_IDENTIFIER = com.mora.FastFood;
				PRODUCT_NAME = "$(TARGET_NAME)";
				SWIFT_EMIT_LOC_STRINGS = YES;
				SWIFT_VERSION = 5.0;
				TARGETED_DEVICE_FAMILY = "1,2";
			};
			name = Release;
		};
/* End XCBuildConfiguration section */

/* Begin XCConfigurationList section */
		7CD79E352B16AFC3004D5741 /* Build configuration list for PBXProject "FastFood" */ = {
			isa = XCConfigurationList;
			buildConfigurations = (
				7CD79E4C2B16AFC8004D5741 /* Debug */,
				7CD79E4D2B16AFC8004D5741 /* Release */,
			);
			defaultConfigurationIsVisible = 0;
			defaultConfigurationName = Release;
		};
		7CD79E4E2B16AFC8004D5741 /* Build configuration list for PBXNativeTarget "FastFood" */ = {
			isa = XCConfigurationList;
			buildConfigurations = (
				7CD79E4F2B16AFC8004D5741 /* Debug */,
				7CD79E502B16AFC8004D5741 /* Release */,
			);
			defaultConfigurationIsVisible = 0;
			defaultConfigurationName = Release;
		};
/* End XCConfigurationList section */
	};
	rootObject = 7CD79E322B16AFC3004D5741 /* Project object */;
}
